
Microsoft Visual Studio Solution File, Format Version 12.00
# Visual Studio Version 16
VisualStudioVersion = 16.0.31410.357
MinimumVisualStudioVersion = 10.0.40219.1
Project("{9A19103F-16F7-4668-BE54-9A1E7A4F7556}") = "webapi", "webapi_test\webapi.csproj", "{7F28C301-F70B-49CB-A418-4C78E90C11E0}"
EndProject
Global
	GlobalSection(SolutionConfigurationPlatforms) = preSolution
		Debug|Any CPU = Debug|Any CPU
		Release|Any CPU = Release|Any CPU
	EndGlobalSection
	GlobalSection(ProjectConfigurationPlatforms) = postSolution
		{7F28C301-F70B-49CB-A418-4C78E90C11E0}.Debug|Any CPU.ActiveCfg = Debug|Any CPU
		{7F28C301-F70B-49CB-A418-4C78E90C11E0}.Debug|Any CPU.Build.0 = Debug|Any CPU
		{7F28C301-F70B-49CB-A418-4C78E90C11E0}.Release|Any CPU.ActiveCfg = Release|Any CPU
		{7F28C301-F70B-49CB-A418-4C78E90C11E0}.Release|Any CPU.Build.0 = Release|Any CPU
	EndGlobalSection
	GlobalSection(SolutionProperties) = preSolution
		HideSolutionNode = FALSE
	EndGlobalSection
	GlobalSection(ExtensibilityGlobals) = postSolution
		SolutionGuid = {E5081BE3-79CF-47CC-82AD-9A5BD9DD1A50}
	EndGlobalSection
EndGlobal
